
Microsoft Visual Studio Solution File, Format Version 12.00
# Visual Studio 15
VisualStudioVersion = 15.0.26228.9
MinimumVisualStudioVersion = 10.0.40219.1
Project("{9A19103F-16F7-4668-BE54-9A1E7A4F7556}") = "Emitter.Runtime", "src\Emitter.Runtime\Emitter.Runtime.csproj", "{ADE72434-7322-47F4-9DFD-4B8EA645B83C}"
EndProject
Project("{9A19103F-16F7-4668-BE54-9A1E7A4F7556}") = "Emitter.Storage.S3", "src\Emitter.Storage.S3\Emitter.Storage.S3.csproj", "{9702F82E-574B-4564-BA6C-33B410B1B6FE}"
EndProject
Project("{9A19103F-16F7-4668-BE54-9A1E7A4F7556}") = "Emitter.Server", "src\Emitter.Server\Emitter.Server.csproj", "{03467763-031B-4B84-9F28-EE3CD388CC2A}"
EndProject
Project("{9A19103F-16F7-4668-BE54-9A1E7A4F7556}") = "Emitter.Runtime.Tests", "test\Emitter.Runtime.Tests\Emitter.Runtime.Tests.csproj", "{BD1C1F25-BFB4-4CAC-8C65-3EF9F8FA07C8}"
EndProject
Global
	GlobalSection(SolutionConfigurationPlatforms) = preSolution
		Debug|Any CPU = Debug|Any CPU
		Release|Any CPU = Release|Any CPU
	EndGlobalSection
	GlobalSection(ProjectConfigurationPlatforms) = postSolution
		{ADE72434-7322-47F4-9DFD-4B8EA645B83C}.Debug|Any CPU.ActiveCfg = Debug|Any CPU
		{ADE72434-7322-47F4-9DFD-4B8EA645B83C}.Debug|Any CPU.Build.0 = Debug|Any CPU
		{ADE72434-7322-47F4-9DFD-4B8EA645B83C}.Release|Any CPU.ActiveCfg = Release|Any CPU
		{ADE72434-7322-47F4-9DFD-4B8EA645B83C}.Release|Any CPU.Build.0 = Release|Any CPU
		{9702F82E-574B-4564-BA6C-33B410B1B6FE}.Debug|Any CPU.ActiveCfg = Debug|Any CPU
		{9702F82E-574B-4564-BA6C-33B410B1B6FE}.Debug|Any CPU.Build.0 = Debug|Any CPU
		{9702F82E-574B-4564-BA6C-33B410B1B6FE}.Release|Any CPU.ActiveCfg = Release|Any CPU
		{9702F82E-574B-4564-BA6C-33B410B1B6FE}.Release|Any CPU.Build.0 = Release|Any CPU
		{03467763-031B-4B84-9F28-EE3CD388CC2A}.Debug|Any CPU.ActiveCfg = Debug|Any CPU
		{03467763-031B-4B84-9F28-EE3CD388CC2A}.Debug|Any CPU.Build.0 = Debug|Any CPU
		{03467763-031B-4B84-9F28-EE3CD388CC2A}.Release|Any CPU.ActiveCfg = Release|Any CPU
		{03467763-031B-4B84-9F28-EE3CD388CC2A}.Release|Any CPU.Build.0 = Release|Any CPU
		{BD1C1F25-BFB4-4CAC-8C65-3EF9F8FA07C8}.Debug|Any CPU.ActiveCfg = Debug|Any CPU
		{BD1C1F25-BFB4-4CAC-8C65-3EF9F8FA07C8}.Debug|Any CPU.Build.0 = Debug|Any CPU
		{BD1C1F25-BFB4-4CAC-8C65-3EF9F8FA07C8}.Release|Any CPU.ActiveCfg = Release|Any CPU
		{BD1C1F25-BFB4-4CAC-8C65-3EF9F8FA07C8}.Release|Any CPU.Build.0 = Release|Any CPU
	EndGlobalSection
	GlobalSection(SolutionProperties) = preSolution
		HideSolutionNode = FALSE
	EndGlobalSection
	GlobalSection(MonoDevelopProperties) = preSolution
		StartupItem = Spike.Projects\Spike.Web\Spike.Web.csproj
		Policies = $0
		$0.VersionControlPolicy = $1
		$1.inheritsSet = Mono
		$0.ChangeLogPolicy = $2
		$2.UpdateMode = None
		$2.MessageStyle = $3
		$3.LineAlign = 0
		$2.inheritsSet = Mono
	EndGlobalSection
EndGlobal
