github.com/AndreasBriese/bbloom v0.0.0-20180913140656-343706a395b7 h1:PqzgE6kAMi81xWQA2QIVxjWkFHptGgC547vchpUbtFo=
github.com/AndreasBriese/bbloom v0.0.0-20180913140656-343706a395b7/go.mod h1:bOvUY6CB00SOBii9/FifXqc0awNKxLFCL/+pkDPuyl8=
github.com/aws/aws-sdk-go v0.0.0-20181019205654-b2427922671b h1:ey5e8Rxb8SjQXMJ95P7nq77suSpxojQ9hlmaBLvsMQk=
github.com/aws/aws-sdk-go v0.0.0-20181019205654-b2427922671b/go.mod h1:E3/ieXAlvM0XWO57iftYVDLLvQ824smPP3ATZkfNZeM=
github.com/axiomhq/hyperloglog v0.0.0-20180317131949-fe9507de0228 h1:6rB1A80KrH56CUeQMp1a4fzEw44N8Jum9rs1Fihv2tA=
github.com/axiomhq/hyperloglog v0.0.0-20180317131949-fe9507de0228/go.mod h1:IOXAcuKIFq/mDyuQ4wyJuJ79XLMsmLM+5RdQ+vWrL7o=
github.com/davecgh/go-spew v1.1.1 h1:vj9j/u1bqnvCEfJOwUhtlOARqs3+rkHYY13jYWTU97c=
github.com/davecgh/go-spew v1.1.1/go.mod h1:J7Y8YcW2NihsgmVo/mv3lAwl/skON4iLHjSsI+c5H38=
github.com/dgraph-io/badger v0.0.0-20181020042726-fbb27786246d h1:SX1GNrv0SiUJ6edONwNjK97bJ3fgJh4IRxLcUwrmmnU=
github.com/dgraph-io/badger v0.0.0-20181020042726-fbb27786246d/go.mod h1:VZxzAIRPHRVNRKRo6AXrX9BJegn6il06VMTZVJYCIjQ=
github.com/dgryski/go-farm v0.0.0-20180109070241-2de33835d102 h1:afESQBXJEnj3fu+34X//E8Wg3nEbMJxJkwSc0tPePK0=
github.com/dgryski/go-farm v0.0.0-20180109070241-2de33835d102/go.mod h1:SqUrOPUnsFjfmXRMNPybcSiG0BgUW2AuFH8PAnS2iTw=
github.com/dgryski/go-metro v0.0.0-20180109044635-280f6062b5bc h1:8WFBn63wegobsYAX0YjD+8suexZDga5CctH4CCTx2+8=
github.com/dgryski/go-metro v0.0.0-20180109044635-280f6062b5bc/go.mod h1:c9O8+fpSOX1DM8cPNSkX/qsBWdkD4yd2dpciOWQjpBw=
github.com/dustin/go-humanize v1.0.0 h1:VSnTsYCnlFHaM2/igO1h6X3HA71jcobQuxemgkq4zYo=
github.com/dustin/go-humanize v1.0.0/go.mod h1:HtrtbFcZ19U5GC7JDqmcUSB87Iq5E25KnS6fMYU6eOk=
github.com/emitter-io/address v0.0.0-20180529130036-6045edd5ea32 h1:5SGY4Z1s6bwOyHvdl1ZSJKTu/LPh1XlI8uxONRhdRBc=
github.com/emitter-io/address v0.0.0-20180529130036-6045edd5ea32/go.mod h1:GfZb5+S/o8694B1GMGK2imUYQyn2skszMvGNA5D84Ug=
github.com/emitter-io/config v0.0.0-20180819095213-d98871f7d1dc h1:0lwxxSkgbYJVZbywUtvc5tl6bQAB7FfJZliRQr10/ug=
github.com/emitter-io/config v0.0.0-20180819095213-d98871f7d1dc/go.mod h1:LWPPyz7VqkW4lSn26RoCF7B9t/lZIG8PCUKLCaIp+so=
github.com/emitter-io/stats v1.0.0 h1:8c84DQu9hZrqV83xsFJO9603YieyGDmOIvXGzfAM5k4=
github.com/emitter-io/stats v1.0.0/go.mod h1:4hKrGsT8bS+kMlTNsCyY1r2j8Jsq25U1+JpLkAtgPX4=
github.com/golang/protobuf v0.0.0-20181005181728-ddf22928ea3c h1:KgJw3nNJsnby+wgopcttaq/2qfhNJcVmygvYRGQ5Yc4=
github.com/golang/protobuf v0.0.0-20181005181728-ddf22928ea3c/go.mod h1:Qd/q+1AKNOZr9uGQzbzCmRO6sUih6GTPZv6a1/R87v0=
github.com/golang/snappy v0.0.0-20180518054509-2e65f85255db h1:woRePGFeVFfLKN/pOkfl+p/TAqKOfFu+7KPlMVpok/w=
github.com/golang/snappy v0.0.0-20180518054509-2e65f85255db/go.mod h1:/XxbfmMg8lxefKM7IXC3fBNl/7bRcc72aCRzEWrmP2Q=
github.com/gopherjs/gopherjs v0.0.0-20181017120253-0766667cb4d1/go.mod h1:wJfORRmW1u3UXTncJ5qlYoELFm8eSnnEO6hX4iZ3EWY=
github.com/gorilla/websocket v1.4.0 h1:WDFjx/TMzVgy9VdMMQi2K2Emtwi2QcUQsztZ/zLaH/Q=
github.com/gorilla/websocket v1.4.0/go.mod h1:E7qHFY5m1UJ88s3WnNqhKjPHQ0heANvMoAMk2YaljkQ=
github.com/jmespath/go-jmespath v0.0.0-20160202185014-0b12d6b521d8/go.mod h1:Nht3zPeWKUH0NzdCt2Blrr5ys8VGpn0CEB0cQHVjt7k=
github.com/jmespath/go-jmespath v0.0.0-20180206201540-c2b33e8439af h1:pmfjZENx5imkbgOkpRUYLnmbU7UEFbjtDA2hxJ1ichM=
github.com/jmespath/go-jmespath v0.0.0-20180206201540-c2b33e8439af/go.mod h1:Nht3zPeWKUH0NzdCt2Blrr5ys8VGpn0CEB0cQHVjt7k=
github.com/karlseguin/ccache v0.0.0-20180722041702-a3174167557e h1:D6upEoXsbRNEe3uNPzRf4rYFbxn076khDpywaNZxHYY=
github.com/karlseguin/ccache v0.0.0-20180722041702-a3174167557e/go.mod h1:CM9tNPzT6EdRh14+jiW8mEF9mkNZuuE51qmgGYUB93w=
github.com/karlseguin/expect v1.0.1 h1:z4wy4npwwHSWKjGWH85WNJO42VQhovxTCZDSzhjo8hY=
github.com/karlseguin/expect v1.0.1/go.mod h1:zNBxMY8P21owkeogJELCLeHIt+voOSduHYTFUbwRAV8=
github.com/kelindar/binary v1.0.1 h1:618UzNUN9ckT2CeGcRF4N8q/0WWtvcpVL6O1DDfCXUM=
github.com/kelindar/binary v1.0.1/go.mod h1:wMMTJccK3HLFh6eH9bD4VRIjUTFVW7pC1q0vTUQ7vV8=
github.com/kelindar/process v0.0.0-20170730150328-69a29e249ec3 h1:6If+E1dikQbdT7DlhZqLplfGkEt6dSoz7+MK+TFC7+U=
github.com/kelindar/process v0.0.0-20170730150328-69a29e249ec3/go.mod h1:+lTCLnZFXOkqwD8sLPl6u4erAc0cP8wFegQHfipz7KE=
github.com/kelindar/tcp v0.0.0-20170901060004-951ea01d26dd h1:db4hk9Jwj8GBRIeBEOJh9OiwcuYRbqXhuX5JNmCHRoc=
github.com/kelindar/tcp v0.0.0-20170901060004-951ea01d26dd/go.mod h1:JB5hj1cshLU60XrLij2BBxW3JQ4hOye8vqbyvuKb52k=
github.com/klauspost/compress v1.4.0 h1:8nsMz3tWa9SWWPL60G1V6CUsf4lLjWLTNEtibhe8gh8=
github.com/klauspost/compress v1.4.0/go.mod h1:RyIbtBH6LamlWaDj8nUwkbUhJ87Yi3uG0guNDohfE1A=
github.com/klauspost/cpuid v0.0.0-20180405133222-e7e905edc00e h1:+lIPJOWl+jSiJOc70QXJ07+2eg2Jy2EC7Mi11BWujeM=
github.com/klauspost/cpuid v0.0.0-20180405133222-e7e905edc00e/go.mod h1:Pj4uuM528wm8OyEC2QMXAi2YiTZ96dNQPGgoMS4s3ek=
github.com/pkg/errors v0.0.0-20181008045315-2233dee583dc h1:yqRW6E8qu5XzI4NpminLsmJvlskRLJzcBDNK+FWK1OI=
github.com/pkg/errors v0.0.0-20181008045315-2233dee583dc/go.mod h1:bwawxfHBFNV+L2hUp1rHADufV3IMtnDRdf1r5NINEl0=
github.com/pmezard/go-difflib v1.0.0 h1:4DBwDE0NGyQoBHbLQYPwSUPoCMWR5BEzIk/f1lZbAQM=
github.com/pmezard/go-difflib v1.0.0/go.mod h1:iKH77koFhYxTK1pcRnkKkqfTogsbg7gZNVY4sRDYZ/4=
github.com/stretchr/objx v0.0.0-20180825064932-ef50b0de2877 h1:Uk9JZ6L7yGoJ0V/gy05d5cSnPGf4bEP7AN1DeEJuX4E=
github.com/stretchr/objx v0.0.0-20180825064932-ef50b0de2877/go.mod h1:HFkY916IF+rwdDfMAkV7OtwuqBVzrE8GR6GFx+wExME=
github.com/stretchr/testify v1.2.2 h1:bSDNvY7ZPG5RlJ8otE/7V6gMiyenm9RtJ7IUVIAoJ1w=
github.com/stretchr/testify v1.2.2/go.mod h1:a8OnRcib4nhh0OaRAV+Yts87kKdq0PP7pXfy6kDkUVs=
github.com/valyala/bytebufferpool v1.0.0 h1:GqA5TC/0021Y/b9FG4Oi9Mr3q7XYx6KllzawFIhcdPw=
github.com/valyala/bytebufferpool v1.0.0/go.mod h1:6bBcMArwyJ5K/AmCkWv1jt77kVWyCJ6HpOuEn7z0Csc=
github.com/valyala/fasthttp v0.0.0-20181014131909-996610f021ff h1:KdfHkiQLtYASN2INA+Pvk0a53ozqlqNs0sfv4Ci1RcQ=
github.com/valyala/fasthttp v0.0.0-20181014131909-996610f021ff/go.mod h1:4vX61m6KN+xDduDNwXrhIAVZaZaZiQ1luJk8LWSxF3s=
github.com/valyala/tcplisten v0.0.0-20161114210144-ceec8f93295a/go.mod h1:v3UYOV9WzVtRmSR+PDvWpU/qWl4Wa5LApYYX4ZtKbio=
github.com/weaveworks/mesh v0.0.0-20180416113225-61ba45522f8a h1:dcGmKbrZRO6/VcV9fdo8wmlXi90b8E50dPy7pyOKzXE=
github.com/weaveworks/mesh v0.0.0-20180416113225-61ba45522f8a/go.mod h1:mcON9Ws1aW0crSErpXWp7U1ErCDEKliDX2OhVlbWRKk=
github.com/wsxiaoys/terminal v0.0.0-20160513160801-0940f3fc43a0 h1:3UeQBvD0TFrlVjOeLOBz+CPAI8dnbqNSVwUwRrkp7vQ=
github.com/wsxiaoys/terminal v0.0.0-20160513160801-0940f3fc43a0/go.mod h1:IXCdmsXIht47RaVFLEdVnh1t+pgYtTAhQGj73kz+2DM=
golang.org/x/crypto v0.0.0-20181015023909-0c41d7ab0a0e h1:IzypfodbhbnViNUO/MEh0FzCUooG97cIGfdggUrUSyU=
golang.org/x/crypto v0.0.0-20181015023909-0c41d7ab0a0e/go.mod h1:6SG95UA2DQfeDnfUPMdvaQW0Q7yPrPDi9nlGo2tz2b4=
golang.org/x/net v0.0.0-20180906233101-161cd47e91fd/go.mod h1:mL1N/T3taQHkDXs73rZJwtUhF3w3ftmwwsq0BUmARs4=
golang.org/x/net v0.0.0-20180911220305-26e67e76b6c3/go.mod h1:mL1N/T3taQHkDXs73rZJwtUhF3w3ftmwwsq0BUmARs4=
golang.org/x/net v0.0.0-20181017193950-04a2e542c03f h1:4pRM7zYwpBjCnfA1jRmhItLxYJkaEnsmuAcRtA347DA=
golang.org/x/net v0.0.0-20181017193950-04a2e542c03f/go.mod h1:mL1N/T3taQHkDXs73rZJwtUhF3w3ftmwwsq0BUmARs4=
golang.org/x/sync v0.0.0-20180314180146-1d60e4601c6f h1:wMNYb4v58l5UBM7MYRLPG6ZhfOqbKu7X5eyFl8ZhKvA=
golang.org/x/sync v0.0.0-20180314180146-1d60e4601c6f/go.mod h1:RxMgew5VJxzue5/jJTE5uejpjVlOe/izrB70Jof72aM=
golang.org/x/sys v0.0.0-20181019160139-8e24a49d80f8 h1:R91KX5nmbbvEd7w370cbVzKC+EzCTGqZq63Zad5IcLM=
golang.org/x/sys v0.0.0-20181019160139-8e24a49d80f8/go.mod h1:STP8DvDyc/dI5b8T5hshtkjS+E42TnysNCUPdjciGhY=
golang.org/x/text v0.3.0 h1:g61tztE5qeGQ89tm6NTjjM9VPIm088od1l6aSorWRWg=
golang.org/x/text v0.3.0/go.mod h1:NqM8EUOU14njkJ3fqMW+pc6Ldnwhi/IjpwHt7yyuwOQ=
google.golang.org/genproto v0.0.0-20180831171423-11092d34479b/go.mod h1:JiN7NxoALGmiZfu7CAH4rXhgtRTLTxftemlI0sWmxmc=
gopkg.in/karlseguin/expect.v1 v1.0.1 h1:9u0iUltnhFbJTHaSIH0EP+cuTU5rafIgmcsEsg2JQFw=
gopkg.in/karlseguin/expect.v1 v1.0.1/go.mod h1:uB7QIJBcclvYbwlUDkSCsGjAOMis3fP280LyhuDEf2I=
